
Microsoft Visual Studio Solution File, Format Version 12.00
# Visual Studio 14
VisualStudioVersion = 14.0.25123.0
MinimumVisualStudioVersion = 10.0.40219.1
Project("{FAE04EC0-301F-11D3-BF4B-00C04F79EFBC}") = "SQLite.Droid", "SQLite\SQLite.Droid\SQLite.Droid.csproj", "{5D706FA5-0E0C-4FEB-AF8D-7D65D8DBA949}"
EndProject
Project("{FAE04EC0-301F-11D3-BF4B-00C04F79EFBC}") = "SQLite.iOS", "SQLite\SQLite.iOS\SQLite.iOS.csproj", "{10F8D123-6A75-416F-A2D5-012781B9E856}"
EndProject
Project("{FAE04EC0-301F-11D3-BF4B-00C04F79EFBC}") = "SQLite.WinPhone", "SQLite\SQLite.WinPhone\SQLite.WinPhone.csproj", "{2AE2D10B-AF18-430E-9C23-148D1E848E5E}"
EndProject
Project("{FAE04EC0-301F-11D3-BF4B-00C04F79EFBC}") = "SQLite.Windows", "SQLite\SQLite.Windows\SQLite.Windows.csproj", "{81806B00-E6EB-49B2-8E28-598542BA3A89}"
EndProject
Project("{FAE04EC0-301F-11D3-BF4B-00C04F79EFBC}") = "SQLite", "SQLite\SQLite\SQLite.csproj", "{20F5207B-4064-4186-802B-153EFFE7D1EF}"
EndProject
Global
	GlobalSection(SolutionConfigurationPlatforms) = preSolution
		Ad-Hoc|Any CPU = Ad-Hoc|Any CPU
		Ad-Hoc|ARM = Ad-Hoc|ARM
		Ad-Hoc|iPhone = Ad-Hoc|iPhone
		Ad-Hoc|iPhoneSimulator = Ad-Hoc|iPhoneSimulator
		Ad-Hoc|x64 = Ad-Hoc|x64
		Ad-Hoc|x86 = Ad-Hoc|x86
		AppStore|Any CPU = AppStore|Any CPU
		AppStore|ARM = AppStore|ARM
		AppStore|iPhone = AppStore|iPhone
		AppStore|iPhoneSimulator = AppStore|iPhoneSimulator
		AppStore|x64 = AppStore|x64
		AppStore|x86 = AppStore|x86
		Debug|Any CPU = Debug|Any CPU
		Debug|ARM = Debug|ARM
		Debug|iPhone = Debug|iPhone
		Debug|iPhoneSimulator = Debug|iPhoneSimulator
		Debug|x64 = Debug|x64
		Debug|x86 = Debug|x86
		Release|Any CPU = Release|Any CPU
		Release|ARM = Release|ARM
		Release|iPhone = Release|iPhone
		Release|iPhoneSimulator = Release|iPhoneSimulator
		Release|x64 = Release|x64
		Release|x86 = Release|x86
	EndGlobalSection
	GlobalSection(ProjectConfigurationPlatforms) = postSolution
		{5D706FA5-0E0C-4FEB-AF8D-7D65D8DBA949}.Ad-Hoc|Any CPU.ActiveCfg = Release|Any CPU
		{5D706FA5-0E0C-4FEB-AF8D-7D65D8DBA949}.Ad-Hoc|Any CPU.Build.0 = Release|Any CPU
		{5D706FA5-0E0C-4FEB-AF8D-7D65D8DBA949}.Ad-Hoc|Any CPU.Deploy.0 = Release|Any CPU
		{5D706FA5-0E0C-4FEB-AF8D-7D65D8DBA949}.Ad-Hoc|ARM.ActiveCfg = Release|Any CPU
		{5D706FA5-0E0C-4FEB-AF8D-7D65D8DBA949}.Ad-Hoc|ARM.Build.0 = Release|Any CPU
		{5D706FA5-0E0C-4FEB-AF8D-7D65D8DBA949}.Ad-Hoc|ARM.Deploy.0 = Release|Any CPU
		{5D706FA5-0E0C-4FEB-AF8D-7D65D8DBA949}.Ad-Hoc|iPhone.ActiveCfg = Release|Any CPU
		{5D706FA5-0E0C-4FEB-AF8D-7D65D8DBA949}.Ad-Hoc|iPhone.Build.0 = Release|Any CPU
		{5D706FA5-0E0C-4FEB-AF8D-7D65D8DBA949}.Ad-Hoc|iPhone.Deploy.0 = Release|Any CPU
		{5D706FA5-0E0C-4FEB-AF8D-7D65D8DBA949}.Ad-Hoc|iPhoneSimulator.ActiveCfg = Release|Any CPU
		{5D706FA5-0E0C-4FEB-AF8D-7D65D8DBA949}.Ad-Hoc|iPhoneSimulator.Build.0 = Release|Any CPU
		{5D706FA5-0E0C-4FEB-AF8D-7D65D8DBA949}.Ad-Hoc|iPhoneSimulator.Deploy.0 = Release|Any CPU
		{5D706FA5-0E0C-4FEB-AF8D-7D65D8DBA949}.Ad-Hoc|x64.ActiveCfg = Release|Any CPU
		{5D706FA5-0E0C-4FEB-AF8D-7D65D8DBA949}.Ad-Hoc|x64.Build.0 = Release|Any CPU
		{5D706FA5-0E0C-4FEB-AF8D-7D65D8DBA949}.Ad-Hoc|x64.Deploy.0 = Release|Any CPU
		{5D706FA5-0E0C-4FEB-AF8D-7D65D8DBA949}.Ad-Hoc|x86.ActiveCfg = Release|Any CPU
		{5D706FA5-0E0C-4FEB-AF8D-7D65D8DBA949}.Ad-Hoc|x86.Build.0 = Release|Any CPU
		{5D706FA5-0E0C-4FEB-AF8D-7D65D8DBA949}.Ad-Hoc|x86.Deploy.0 = Release|Any CPU
		{5D706FA5-0E0C-4FEB-AF8D-7D65D8DBA949}.AppStore|Any CPU.ActiveCfg = Release|Any CPU
		{5D706FA5-0E0C-4FEB-AF8D-7D65D8DBA949}.AppStore|Any CPU.Build.0 = Release|Any CPU
		{5D706FA5-0E0C-4FEB-AF8D-7D65D8DBA949}.AppStore|Any CPU.Deploy.0 = Release|Any CPU
		{5D706FA5-0E0C-4FEB-AF8D-7D65D8DBA949}.AppStore|ARM.ActiveCfg = Release|Any CPU
		{5D706FA5-0E0C-4FEB-AF8D-7D65D8DBA949}.AppStore|ARM.Build.0 = Release|Any CPU
		{5D706FA5-0E0C-4FEB-AF8D-7D65D8DBA949}.AppStore|ARM.Deploy.0 = Release|Any CPU
		{5D706FA5-0E0C-4FEB-AF8D-7D65D8DBA949}.AppStore|iPhone.ActiveCfg = Release|Any CPU
		{5D706FA5-0E0C-4FEB-AF8D-7D65D8DBA949}.AppStore|iPhone.Build.0 = Release|Any CPU
		{5D706FA5-0E0C-4FEB-AF8D-7D65D8DBA949}.AppStore|iPhone.Deploy.0 = Release|Any CPU
		{5D706FA5-0E0C-4FEB-AF8D-7D65D8DBA949}.AppStore|iPhoneSimulator.ActiveCfg = Release|Any CPU
		{5D706FA5-0E0C-4FEB-AF8D-7D65D8DBA949}.AppStore|iPhoneSimulator.Build.0 = Release|Any CPU
		{5D706FA5-0E0C-4FEB-AF8D-7D65D8DBA949}.AppStore|iPhoneSimulator.Deploy.0 = Release|Any CPU
		{5D706FA5-0E0C-4FEB-AF8D-7D65D8DBA949}.AppStore|x64.ActiveCfg = Release|Any CPU
		{5D706FA5-0E0C-4FEB-AF8D-7D65D8DBA949}.AppStore|x64.Build.0 = Release|Any CPU
		{5D706FA5-0E0C-4FEB-AF8D-7D65D8DBA949}.AppStore|x64.Deploy.0 = Release|Any CPU
		{5D706FA5-0E0C-4FEB-AF8D-7D65D8DBA949}.AppStore|x86.ActiveCfg = Release|Any CPU
		{5D706FA5-0E0C-4FEB-AF8D-7D65D8DBA949}.AppStore|x86.Build.0 = Release|Any CPU
		{5D706FA5-0E0C-4FEB-AF8D-7D65D8DBA949}.AppStore|x86.Deploy.0 = Release|Any CPU
		{5D706FA5-0E0C-4FEB-AF8D-7D65D8DBA949}.Debug|Any CPU.ActiveCfg = Debug|Any CPU
		{5D706FA5-0E0C-4FEB-AF8D-7D65D8DBA949}.Debug|Any CPU.Build.0 = Debug|Any CPU
		{5D706FA5-0E0C-4FEB-AF8D-7D65D8DBA949}.Debug|Any CPU.Deploy.0 = Debug|Any CPU
		{5D706FA5-0E0C-4FEB-AF8D-7D65D8DBA949}.Debug|ARM.ActiveCfg = Debug|Any CPU
		{5D706FA5-0E0C-4FEB-AF8D-7D65D8DBA949}.Debug|ARM.Build.0 = Debug|Any CPU
		{5D706FA5-0E0C-4FEB-AF8D-7D65D8DBA949}.Debug|ARM.Deploy.0 = Debug|Any CPU
		{5D706FA5-0E0C-4FEB-AF8D-7D65D8DBA949}.Debug|iPhone.ActiveCfg = Debug|Any CPU
		{5D706FA5-0E0C-4FEB-AF8D-7D65D8DBA949}.Debug|iPhone.Build.0 = Debug|Any CPU
		{5D706FA5-0E0C-4FEB-AF8D-7D65D8DBA949}.Debug|iPhone.Deploy.0 = Debug|Any CPU
		{5D706FA5-0E0C-4FEB-AF8D-7D65D8DBA949}.Debug|iPhoneSimulator.ActiveCfg = Debug|Any CPU
		{5D706FA5-0E0C-4FEB-AF8D-7D65D8DBA949}.Debug|iPhoneSimulator.Build.0 = Debug|Any CPU
		{5D706FA5-0E0C-4FEB-AF8D-7D65D8DBA949}.Debug|iPhoneSimulator.Deploy.0 = Debug|Any CPU
		{5D706FA5-0E0C-4FEB-AF8D-7D65D8DBA949}.Debug|x64.ActiveCfg = Debug|Any CPU
		{5D706FA5-0E0C-4FEB-AF8D-7D65D8DBA949}.Debug|x64.Build.0 = Debug|Any CPU
		{5D706FA5-0E0C-4FEB-AF8D-7D65D8DBA949}.Debug|x64.Deploy.0 = Debug|Any CPU
		{5D706FA5-0E0C-4FEB-AF8D-7D65D8DBA949}.Debug|x86.ActiveCfg = Debug|Any CPU
		{5D706FA5-0E0C-4FEB-AF8D-7D65D8DBA949}.Debug|x86.Build.0 = Debug|Any CPU
		{5D706FA5-0E0C-4FEB-AF8D-7D65D8DBA949}.Debug|x86.Deploy.0 = Debug|Any CPU
		{5D706FA5-0E0C-4FEB-AF8D-7D65D8DBA949}.Release|Any CPU.ActiveCfg = Release|Any CPU
		{5D706FA5-0E0C-4FEB-AF8D-7D65D8DBA949}.Release|Any CPU.Build.0 = Release|Any CPU
		{5D706FA5-0E0C-4FEB-AF8D-7D65D8DBA949}.Release|Any CPU.Deploy.0 = Release|Any CPU
		{5D706FA5-0E0C-4FEB-AF8D-7D65D8DBA949}.Release|ARM.ActiveCfg = Release|Any CPU
		{5D706FA5-0E0C-4FEB-AF8D-7D65D8DBA949}.Release|ARM.Build.0 = Release|Any CPU
		{5D706FA5-0E0C-4FEB-AF8D-7D65D8DBA949}.Release|ARM.Deploy.0 = Release|Any CPU
		{5D706FA5-0E0C-4FEB-AF8D-7D65D8DBA949}.Release|iPhone.ActiveCfg = Release|Any CPU
		{5D706FA5-0E0C-4FEB-AF8D-7D65D8DBA949}.Release|iPhone.Build.0 = Release|Any CPU
		{5D706FA5-0E0C-4FEB-AF8D-7D65D8DBA949}.Release|iPhone.Deploy.0 = Release|Any CPU
		{5D706FA5-0E0C-4FEB-AF8D-7D65D8DBA949}.Release|iPhoneSimulator.ActiveCfg = Release|Any CPU
		{5D706FA5-0E0C-4FEB-AF8D-7D65D8DBA949}.Release|iPhoneSimulator.Build.0 = Release|Any CPU
		{5D706FA5-0E0C-4FEB-AF8D-7D65D8DBA949}.Release|iPhoneSimulator.Deploy.0 = Release|Any CPU
		{5D706FA5-0E0C-4FEB-AF8D-7D65D8DBA949}.Release|x64.ActiveCfg = Release|Any CPU
		{5D706FA5-0E0C-4FEB-AF8D-7D65D8DBA949}.Release|x64.Build.0 = Release|Any CPU
		{5D706FA5-0E0C-4FEB-AF8D-7D65D8DBA949}.Release|x64.Deploy.0 = Release|Any CPU
		{5D706FA5-0E0C-4FEB-AF8D-7D65D8DBA949}.Release|x86.ActiveCfg = Release|Any CPU
		{5D706FA5-0E0C-4FEB-AF8D-7D65D8DBA949}.Release|x86.Build.0 = Release|Any CPU
		{5D706FA5-0E0C-4FEB-AF8D-7D65D8DBA949}.Release|x86.Deploy.0 = Release|Any CPU
		{10F8D123-6A75-416F-A2D5-012781B9E856}.Ad-Hoc|Any CPU.ActiveCfg = Ad-Hoc|iPhone
		{10F8D123-6A75-416F-A2D5-012781B9E856}.Ad-Hoc|ARM.ActiveCfg = Ad-Hoc|iPhone
		{10F8D123-6A75-416F-A2D5-012781B9E856}.Ad-Hoc|iPhone.ActiveCfg = Ad-Hoc|iPhone
		{10F8D123-6A75-416F-A2D5-012781B9E856}.Ad-Hoc|iPhone.Build.0 = Ad-Hoc|iPhone
		{10F8D123-6A75-416F-A2D5-012781B9E856}.Ad-Hoc|iPhoneSimulator.ActiveCfg = Ad-Hoc|iPhoneSimulator
		{10F8D123-6A75-416F-A2D5-012781B9E856}.Ad-Hoc|iPhoneSimulator.Build.0 = Ad-Hoc|iPhoneSimulator
		{10F8D123-6A75-416F-A2D5-012781B9E856}.Ad-Hoc|x64.ActiveCfg = Ad-Hoc|iPhone
		{10F8D123-6A75-416F-A2D5-012781B9E856}.Ad-Hoc|x86.ActiveCfg = Ad-Hoc|iPhone
		{10F8D123-6A75-416F-A2D5-012781B9E856}.AppStore|Any CPU.ActiveCfg = AppStore|iPhone
		{10F8D123-6A75-416F-A2D5-012781B9E856}.AppStore|ARM.ActiveCfg = AppStore|iPhone
		{10F8D123-6A75-416F-A2D5-012781B9E856}.AppStore|iPhone.ActiveCfg = AppStore|iPhone
		{10F8D123-6A75-416F-A2D5-012781B9E856}.AppStore|iPhone.Build.0 = AppStore|iPhone
		{10F8D123-6A75-416F-A2D5-012781B9E856}.AppStore|iPhoneSimulator.ActiveCfg = AppStore|iPhoneSimulator
		{10F8D123-6A75-416F-A2D5-012781B9E856}.AppStore|iPhoneSimulator.Build.0 = AppStore|iPhoneSimulator
		{10F8D123-6A75-416F-A2D5-012781B9E856}.AppStore|x64.ActiveCfg = AppStore|iPhone
		{10F8D123-6A75-416F-A2D5-012781B9E856}.AppStore|x86.ActiveCfg = AppStore|iPhone
		{10F8D123-6A75-416F-A2D5-012781B9E856}.Debug|Any CPU.ActiveCfg = Debug|iPhone
		{10F8D123-6A75-416F-A2D5-012781B9E856}.Debug|ARM.ActiveCfg = Debug|iPhone
		{10F8D123-6A75-416F-A2D5-012781B9E856}.Debug|iPhone.ActiveCfg = Debug|iPhoneSimulator
		{10F8D123-6A75-416F-A2D5-012781B9E856}.Debug|iPhone.Build.0 = Debug|iPhoneSimulator
		{10F8D123-6A75-416F-A2D5-012781B9E856}.Debug|iPhoneSimulator.ActiveCfg = Debug|iPhoneSimulator
		{10F8D123-6A75-416F-A2D5-012781B9E856}.Debug|iPhoneSimulator.Build.0 = Debug|iPhoneSimulator
		{10F8D123-6A75-416F-A2D5-012781B9E856}.Debug|iPhoneSimulator.Deploy.0 = Debug|iPhoneSimulator
		{10F8D123-6A75-416F-A2D5-012781B9E856}.Debug|x64.ActiveCfg = Debug|iPhone
		{10F8D123-6A75-416F-A2D5-012781B9E856}.Debug|x86.ActiveCfg = Debug|iPhone
		{10F8D123-6A75-416F-A2D5-012781B9E856}.Release|Any CPU.ActiveCfg = Release|iPhone
		{10F8D123-6A75-416F-A2D5-012781B9E856}.Release|ARM.ActiveCfg = Release|iPhone
		{10F8D123-6A75-416F-A2D5-012781B9E856}.Release|iPhone.ActiveCfg = Release|iPhone
		{10F8D123-6A75-416F-A2D5-012781B9E856}.Release|iPhone.Build.0 = Release|iPhone
		{10F8D123-6A75-416F-A2D5-012781B9E856}.Release|iPhoneSimulator.ActiveCfg = Release|iPhoneSimulator
		{10F8D123-6A75-416F-A2D5-012781B9E856}.Release|iPhoneSimulator.Build.0 = Release|iPhoneSimulator
		{10F8D123-6A75-416F-A2D5-012781B9E856}.Release|x64.ActiveCfg = Release|iPhone
		{10F8D123-6A75-416F-A2D5-012781B9E856}.Release|x86.ActiveCfg = Release|iPhone
		{2AE2D10B-AF18-430E-9C23-148D1E848E5E}.Ad-Hoc|Any CPU.ActiveCfg = Release|Any CPU
		{2AE2D10B-AF18-430E-9C23-148D1E848E5E}.Ad-Hoc|Any CPU.Build.0 = Release|Any CPU
		{2AE2D10B-AF18-430E-9C23-148D1E848E5E}.Ad-Hoc|Any CPU.Deploy.0 = Release|Any CPU
		{2AE2D10B-AF18-430E-9C23-148D1E848E5E}.Ad-Hoc|ARM.ActiveCfg = Release|ARM
		{2AE2D10B-AF18-430E-9C23-148D1E848E5E}.Ad-Hoc|ARM.Build.0 = Release|ARM
		{2AE2D10B-AF18-430E-9C23-148D1E848E5E}.Ad-Hoc|ARM.Deploy.0 = Release|ARM
		{2AE2D10B-AF18-430E-9C23-148D1E848E5E}.Ad-Hoc|iPhone.ActiveCfg = Release|Any CPU
		{2AE2D10B-AF18-430E-9C23-148D1E848E5E}.Ad-Hoc|iPhone.Build.0 = Release|Any CPU
		{2AE2D10B-AF18-430E-9C23-148D1E848E5E}.Ad-Hoc|iPhone.Deploy.0 = Release|Any CPU
		{2AE2D10B-AF18-430E-9C23-148D1E848E5E}.Ad-Hoc|iPhoneSimulator.ActiveCfg = Release|Any CPU
		{2AE2D10B-AF18-430E-9C23-148D1E848E5E}.Ad-Hoc|iPhoneSimulator.Build.0 = Release|Any CPU
		{2AE2D10B-AF18-430E-9C23-148D1E848E5E}.Ad-Hoc|iPhoneSimulator.Deploy.0 = Release|Any CPU
		{2AE2D10B-AF18-430E-9C23-148D1E848E5E}.Ad-Hoc|x64.ActiveCfg = Release|Any CPU
		{2AE2D10B-AF18-430E-9C23-148D1E848E5E}.Ad-Hoc|x64.Build.0 = Release|Any CPU
		{2AE2D10B-AF18-430E-9C23-148D1E848E5E}.Ad-Hoc|x64.Deploy.0 = Release|Any CPU
		{2AE2D10B-AF18-430E-9C23-148D1E848E5E}.Ad-Hoc|x86.ActiveCfg = Release|x86
		{2AE2D10B-AF18-430E-9C23-148D1E848E5E}.Ad-Hoc|x86.Build.0 = Release|x86
		{2AE2D10B-AF18-430E-9C23-148D1E848E5E}.Ad-Hoc|x86.Deploy.0 = Release|x86
		{2AE2D10B-AF18-430E-9C23-148D1E848E5E}.AppStore|Any CPU.ActiveCfg = Release|Any CPU
		{2AE2D10B-AF18-430E-9C23-148D1E848E5E}.AppStore|Any CPU.Build.0 = Release|Any CPU
		{2AE2D10B-AF18-430E-9C23-148D1E848E5E}.AppStore|Any CPU.Deploy.0 = Release|Any CPU
		{2AE2D10B-AF18-430E-9C23-148D1E848E5E}.AppStore|ARM.ActiveCfg = Release|ARM
		{2AE2D10B-AF18-430E-9C23-148D1E848E5E}.AppStore|ARM.Build.0 = Release|ARM
		{2AE2D10B-AF18-430E-9C23-148D1E848E5E}.AppStore|ARM.Deploy.0 = Release|ARM
		{2AE2D10B-AF18-430E-9C23-148D1E848E5E}.AppStore|iPhone.ActiveCfg = Release|Any CPU
		{2AE2D10B-AF18-430E-9C23-148D1E848E5E}.AppStore|iPhone.Build.0 = Release|Any CPU
		{2AE2D10B-AF18-430E-9C23-148D1E848E5E}.AppStore|iPhone.Deploy.0 = Release|Any CPU
		{2AE2D10B-AF18-430E-9C23-148D1E848E5E}.AppStore|iPhoneSimulator.ActiveCfg = Release|Any CPU
		{2AE2D10B-AF18-430E-9C23-148D1E848E5E}.AppStore|iPhoneSimulator.Build.0 = Release|Any CPU
		{2AE2D10B-AF18-430E-9C23-148D1E848E5E}.AppStore|iPhoneSimulator.Deploy.0 = Release|Any CPU
		{2AE2D10B-AF18-430E-9C23-148D1E848E5E}.AppStore|x64.ActiveCfg = Release|Any CPU
		{2AE2D10B-AF18-430E-9C23-148D1E848E5E}.AppStore|x64.Build.0 = Release|Any CPU
		{2AE2D10B-AF18-430E-9C23-148D1E848E5E}.AppStore|x64.Deploy.0 = Release|Any CPU
		{2AE2D10B-AF18-430E-9C23-148D1E848E5E}.AppStore|x86.ActiveCfg = Release|x86
		{2AE2D10B-AF18-430E-9C23-148D1E848E5E}.AppStore|x86.Build.0 = Release|x86
		{2AE2D10B-AF18-430E-9C23-148D1E848E5E}.AppStore|x86.Deploy.0 = Release|x86
		{2AE2D10B-AF18-430E-9C23-148D1E848E5E}.Debug|Any CPU.ActiveCfg = Debug|Any CPU
		{2AE2D10B-AF18-430E-9C23-148D1E848E5E}.Debug|Any CPU.Build.0 = Debug|Any CPU
		{2AE2D10B-AF18-430E-9C23-148D1E848E5E}.Debug|Any CPU.Deploy.0 = Debug|Any CPU
		{2AE2D10B-AF18-430E-9C23-148D1E848E5E}.Debug|ARM.ActiveCfg = Debug|ARM
		{2AE2D10B-AF18-430E-9C23-148D1E848E5E}.Debug|ARM.Build.0 = Debug|ARM
		{2AE2D10B-AF18-430E-9C23-148D1E848E5E}.Debug|ARM.Deploy.0 = Debug|ARM
		{2AE2D10B-AF18-430E-9C23-148D1E848E5E}.Debug|iPhone.ActiveCfg = Debug|Any CPU
		{2AE2D10B-AF18-430E-9C23-148D1E848E5E}.Debug|iPhone.Build.0 = Debug|Any CPU
		{2AE2D10B-AF18-430E-9C23-148D1E848E5E}.Debug|iPhone.Deploy.0 = Debug|Any CPU
		{2AE2D10B-AF18-430E-9C23-148D1E848E5E}.Debug|iPhoneSimulator.ActiveCfg = Debug|Any CPU
		{2AE2D10B-AF18-430E-9C23-148D1E848E5E}.Debug|iPhoneSimulator.Build.0 = Debug|Any CPU
		{2AE2D10B-AF18-430E-9C23-148D1E848E5E}.Debug|iPhoneSimulator.Deploy.0 = Debug|Any CPU
		{2AE2D10B-AF18-430E-9C23-148D1E848E5E}.Debug|x64.ActiveCfg = Debug|Any CPU
		{2AE2D10B-AF18-430E-9C23-148D1E848E5E}.Debug|x64.Build.0 = Debug|Any CPU
		{2AE2D10B-AF18-430E-9C23-148D1E848E5E}.Debug|x64.Deploy.0 = Debug|Any CPU
		{2AE2D10B-AF18-430E-9C23-148D1E848E5E}.Debug|x86.ActiveCfg = Debug|x86
		{2AE2D10B-AF18-430E-9C23-148D1E848E5E}.Debug|x86.Build.0 = Debug|x86
		{2AE2D10B-AF18-430E-9C23-148D1E848E5E}.Debug|x86.Deploy.0 = Debug|x86
		{2AE2D10B-AF18-430E-9C23-148D1E848E5E}.Release|Any CPU.ActiveCfg = Release|Any CPU
		{2AE2D10B-AF18-430E-9C23-148D1E848E5E}.Release|Any CPU.Build.0 = Release|Any CPU
		{2AE2D10B-AF18-430E-9C23-148D1E848E5E}.Release|Any CPU.Deploy.0 = Release|Any CPU
		{2AE2D10B-AF18-430E-9C23-148D1E848E5E}.Release|ARM.ActiveCfg = Release|ARM
		{2AE2D10B-AF18-430E-9C23-148D1E848E5E}.Release|ARM.Build.0 = Release|ARM
		{2AE2D10B-AF18-430E-9C23-148D1E848E5E}.Release|ARM.Deploy.0 = Release|ARM
		{2AE2D10B-AF18-430E-9C23-148D1E848E5E}.Release|iPhone.ActiveCfg = Release|Any CPU
		{2AE2D10B-AF18-430E-9C23-148D1E848E5E}.Release|iPhone.Build.0 = Release|Any CPU
		{2AE2D10B-AF18-430E-9C23-148D1E848E5E}.Release|iPhone.Deploy.0 = Release|Any CPU
		{2AE2D10B-AF18-430E-9C23-148D1E848E5E}.Release|iPhoneSimulator.ActiveCfg = Release|Any CPU
		{2AE2D10B-AF18-430E-9C23-148D1E848E5E}.Release|iPhoneSimulator.Build.0 = Release|Any CPU
		{2AE2D10B-AF18-430E-9C23-148D1E848E5E}.Release|iPhoneSimulator.Deploy.0 = Release|Any CPU
		{2AE2D10B-AF18-430E-9C23-148D1E848E5E}.Release|x64.ActiveCfg = Release|Any CPU
		{2AE2D10B-AF18-430E-9C23-148D1E848E5E}.Release|x64.Build.0 = Release|Any CPU
		{2AE2D10B-AF18-430E-9C23-148D1E848E5E}.Release|x64.Deploy.0 = Release|Any CPU
		{2AE2D10B-AF18-430E-9C23-148D1E848E5E}.Release|x86.ActiveCfg = Release|x86
		{2AE2D10B-AF18-430E-9C23-148D1E848E5E}.Release|x86.Build.0 = Release|x86
		{2AE2D10B-AF18-430E-9C23-148D1E848E5E}.Release|x86.Deploy.0 = Release|x86
		{81806B00-E6EB-49B2-8E28-598542BA3A89}.Ad-Hoc|Any CPU.ActiveCfg = Release|Any CPU
		{81806B00-E6EB-49B2-8E28-598542BA3A89}.Ad-Hoc|Any CPU.Build.0 = Release|Any CPU
		{81806B00-E6EB-49B2-8E28-598542BA3A89}.Ad-Hoc|Any CPU.Deploy.0 = Release|Any CPU
		{81806B00-E6EB-49B2-8E28-598542BA3A89}.Ad-Hoc|ARM.ActiveCfg = Release|ARM
		{81806B00-E6EB-49B2-8E28-598542BA3A89}.Ad-Hoc|ARM.Build.0 = Release|ARM
		{81806B00-E6EB-49B2-8E28-598542BA3A89}.Ad-Hoc|ARM.Deploy.0 = Release|ARM
		{81806B00-E6EB-49B2-8E28-598542BA3A89}.Ad-Hoc|iPhone.ActiveCfg = Release|Any CPU
		{81806B00-E6EB-49B2-8E28-598542BA3A89}.Ad-Hoc|iPhone.Build.0 = Release|Any CPU
		{81806B00-E6EB-49B2-8E28-598542BA3A89}.Ad-Hoc|iPhone.Deploy.0 = Release|Any CPU
		{81806B00-E6EB-49B2-8E28-598542BA3A89}.Ad-Hoc|iPhoneSimulator.ActiveCfg = Release|Any CPU
		{81806B00-E6EB-49B2-8E28-598542BA3A89}.Ad-Hoc|iPhoneSimulator.Build.0 = Release|Any CPU
		{81806B00-E6EB-49B2-8E28-598542BA3A89}.Ad-Hoc|iPhoneSimulator.Deploy.0 = Release|Any CPU
		{81806B00-E6EB-49B2-8E28-598542BA3A89}.Ad-Hoc|x64.ActiveCfg = Release|x64
		{81806B00-E6EB-49B2-8E28-598542BA3A89}.Ad-Hoc|x64.Build.0 = Release|x64
		{81806B00-E6EB-49B2-8E28-598542BA3A89}.Ad-Hoc|x64.Deploy.0 = Release|x64
		{81806B00-E6EB-49B2-8E28-598542BA3A89}.Ad-Hoc|x86.ActiveCfg = Release|x86
		{81806B00-E6EB-49B2-8E28-598542BA3A89}.Ad-Hoc|x86.Build.0 = Release|x86
		{81806B00-E6EB-49B2-8E28-598542BA3A89}.Ad-Hoc|x86.Deploy.0 = Release|x86
		{81806B00-E6EB-49B2-8E28-598542BA3A89}.AppStore|Any CPU.ActiveCfg = Release|Any CPU
		{81806B00-E6EB-49B2-8E28-598542BA3A89}.AppStore|Any CPU.Build.0 = Release|Any CPU
		{81806B00-E6EB-49B2-8E28-598542BA3A89}.AppStore|Any CPU.Deploy.0 = Release|Any CPU
		{81806B00-E6EB-49B2-8E28-598542BA3A89}.AppStore|ARM.ActiveCfg = Release|ARM
		{81806B00-E6EB-49B2-8E28-598542BA3A89}.AppStore|ARM.Build.0 = Release|ARM
		{81806B00-E6EB-49B2-8E28-598542BA3A89}.AppStore|ARM.Deploy.0 = Release|ARM
		{81806B00-E6EB-49B2-8E28-598542BA3A89}.AppStore|iPhone.ActiveCfg = Release|Any CPU
		{81806B00-E6EB-49B2-8E28-598542BA3A89}.AppStore|iPhone.Build.0 = Release|Any CPU
		{81806B00-E6EB-49B2-8E28-598542BA3A89}.AppStore|iPhone.Deploy.0 = Release|Any CPU
		{81806B00-E6EB-49B2-8E28-598542BA3A89}.AppStore|iPhoneSimulator.ActiveCfg = Release|Any CPU
		{81806B00-E6EB-49B2-8E28-598542BA3A89}.AppStore|iPhoneSimulator.Build.0 = Release|Any CPU
		{81806B00-E6EB-49B2-8E28-598542BA3A89}.AppStore|iPhoneSimulator.Deploy.0 = Release|Any CPU
		{81806B00-E6EB-49B2-8E28-598542BA3A89}.AppStore|x64.ActiveCfg = Release|x64
		{81806B00-E6EB-49B2-8E28-598542BA3A89}.AppStore|x64.Build.0 = Release|x64
		{81806B00-E6EB-49B2-8E28-598542BA3A89}.AppStore|x64.Deploy.0 = Release|x64
		{81806B00-E6EB-49B2-8E28-598542BA3A89}.AppStore|x86.ActiveCfg = Release|x86
		{81806B00-E6EB-49B2-8E28-598542BA3A89}.AppStore|x86.Build.0 = Release|x86
		{81806B00-E6EB-49B2-8E28-598542BA3A89}.AppStore|x86.Deploy.0 = Release|x86
		{81806B00-E6EB-49B2-8E28-598542BA3A89}.Debug|Any CPU.ActiveCfg = Debug|Any CPU
		{81806B00-E6EB-49B2-8E28-598542BA3A89}.Debug|Any CPU.Build.0 = Debug|Any CPU
		{81806B00-E6EB-49B2-8E28-598542BA3A89}.Debug|Any CPU.Deploy.0 = Debug|Any CPU
		{81806B00-E6EB-49B2-8E28-598542BA3A89}.Debug|ARM.ActiveCfg = Debug|ARM
		{81806B00-E6EB-49B2-8E28-598542BA3A89}.Debug|ARM.Build.0 = Debug|ARM
		{81806B00-E6EB-49B2-8E28-598542BA3A89}.Debug|ARM.Deploy.0 = Debug|ARM
		{81806B00-E6EB-49B2-8E28-598542BA3A89}.Debug|iPhone.ActiveCfg = Debug|Any CPU
		{81806B00-E6EB-49B2-8E28-598542BA3A89}.Debug|iPhone.Build.0 = Debug|Any CPU
		{81806B00-E6EB-49B2-8E28-598542BA3A89}.Debug|iPhone.Deploy.0 = Debug|Any CPU
		{81806B00-E6EB-49B2-8E28-598542BA3A89}.Debug|iPhoneSimulator.ActiveCfg = Debug|Any CPU
		{81806B00-E6EB-49B2-8E28-598542BA3A89}.Debug|iPhoneSimulator.Build.0 = Debug|Any CPU
		{81806B00-E6EB-49B2-8E28-598542BA3A89}.Debug|iPhoneSimulator.Deploy.0 = Debug|Any CPU
		{81806B00-E6EB-49B2-8E28-598542BA3A89}.Debug|x64.ActiveCfg = Debug|x64
		{81806B00-E6EB-49B2-8E28-598542BA3A89}.Debug|x64.Build.0 = Debug|x64
		{81806B00-E6EB-49B2-8E28-598542BA3A89}.Debug|x64.Deploy.0 = Debug|x64
		{81806B00-E6EB-49B2-8E28-598542BA3A89}.Debug|x86.ActiveCfg = Debug|x86
		{81806B00-E6EB-49B2-8E28-598542BA3A89}.Debug|x86.Build.0 = Debug|x86
		{81806B00-E6EB-49B2-8E28-598542BA3A89}.Debug|x86.Deploy.0 = Debug|x86
		{81806B00-E6EB-49B2-8E28-598542BA3A89}.Release|Any CPU.ActiveCfg = Release|Any CPU
		{81806B00-E6EB-49B2-8E28-598542BA3A89}.Release|Any CPU.Build.0 = Release|Any CPU
		{81806B00-E6EB-49B2-8E28-598542BA3A89}.Release|Any CPU.Deploy.0 = Release|Any CPU
		{81806B00-E6EB-49B2-8E28-598542BA3A89}.Release|ARM.ActiveCfg = Release|ARM
		{81806B00-E6EB-49B2-8E28-598542BA3A89}.Release|ARM.Build.0 = Release|ARM
		{81806B00-E6EB-49B2-8E28-598542BA3A89}.Release|ARM.Deploy.0 = Release|ARM
		{81806B00-E6EB-49B2-8E28-598542BA3A89}.Release|iPhone.ActiveCfg = Release|Any CPU
		{81806B00-E6EB-49B2-8E28-598542BA3A89}.Release|iPhone.Build.0 = Release|Any CPU
		{81806B00-E6EB-49B2-8E28-598542BA3A89}.Release|iPhone.Deploy.0 = Release|Any CPU
		{81806B00-E6EB-49B2-8E28-598542BA3A89}.Release|iPhoneSimulator.ActiveCfg = Release|Any CPU
		{81806B00-E6EB-49B2-8E28-598542BA3A89}.Release|iPhoneSimulator.Build.0 = Release|Any CPU
		{81806B00-E6EB-49B2-8E28-598542BA3A89}.Release|iPhoneSimulator.Deploy.0 = Release|Any CPU
		{81806B00-E6EB-49B2-8E28-598542BA3A89}.Release|x64.ActiveCfg = Release|x64
		{81806B00-E6EB-49B2-8E28-598542BA3A89}.Release|x64.Build.0 = Release|x64
		{81806B00-E6EB-49B2-8E28-598542BA3A89}.Release|x64.Deploy.0 = Release|x64
		{81806B00-E6EB-49B2-8E28-598542BA3A89}.Release|x86.ActiveCfg = Release|x86
		{81806B00-E6EB-49B2-8E28-598542BA3A89}.Release|x86.Build.0 = Release|x86
		{81806B00-E6EB-49B2-8E28-598542BA3A89}.Release|x86.Deploy.0 = Release|x86
		{20F5207B-4064-4186-802B-153EFFE7D1EF}.Ad-Hoc|Any CPU.ActiveCfg = Release|Any CPU
		{20F5207B-4064-4186-802B-153EFFE7D1EF}.Ad-Hoc|Any CPU.Build.0 = Release|Any CPU
		{20F5207B-4064-4186-802B-153EFFE7D1EF}.Ad-Hoc|ARM.ActiveCfg = Release|Any CPU
		{20F5207B-4064-4186-802B-153EFFE7D1EF}.Ad-Hoc|ARM.Build.0 = Release|Any CPU
		{20F5207B-4064-4186-802B-153EFFE7D1EF}.Ad-Hoc|iPhone.ActiveCfg = Release|Any CPU
		{20F5207B-4064-4186-802B-153EFFE7D1EF}.Ad-Hoc|iPhone.Build.0 = Release|Any CPU
		{20F5207B-4064-4186-802B-153EFFE7D1EF}.Ad-Hoc|iPhoneSimulator.ActiveCfg = Release|Any CPU
		{20F5207B-4064-4186-802B-153EFFE7D1EF}.Ad-Hoc|iPhoneSimulator.Build.0 = Release|Any CPU
		{20F5207B-4064-4186-802B-153EFFE7D1EF}.Ad-Hoc|x64.ActiveCfg = Release|Any CPU
		{20F5207B-4064-4186-802B-153EFFE7D1EF}.Ad-Hoc|x64.Build.0 = Release|Any CPU
		{20F5207B-4064-4186-802B-153EFFE7D1EF}.Ad-Hoc|x86.ActiveCfg = Release|Any CPU
		{20F5207B-4064-4186-802B-153EFFE7D1EF}.Ad-Hoc|x86.Build.0 = Release|Any CPU
		{20F5207B-4064-4186-802B-153EFFE7D1EF}.AppStore|Any CPU.ActiveCfg = Release|Any CPU
		{20F5207B-4064-4186-802B-153EFFE7D1EF}.AppStore|Any CPU.Build.0 = Release|Any CPU
		{20F5207B-4064-4186-802B-153EFFE7D1EF}.AppStore|ARM.ActiveCfg = Release|Any CPU
		{20F5207B-4064-4186-802B-153EFFE7D1EF}.AppStore|ARM.Build.0 = Release|Any CPU
		{20F5207B-4064-4186-802B-153EFFE7D1EF}.AppStore|iPhone.ActiveCfg = Release|Any CPU
		{20F5207B-4064-4186-802B-153EFFE7D1EF}.AppStore|iPhone.Build.0 = Release|Any CPU
		{20F5207B-4064-4186-802B-153EFFE7D1EF}.AppStore|iPhoneSimulator.ActiveCfg = Release|Any CPU
		{20F5207B-4064-4186-802B-153EFFE7D1EF}.AppStore|iPhoneSimulator.Build.0 = Release|Any CPU
		{20F5207B-4064-4186-802B-153EFFE7D1EF}.AppStore|x64.ActiveCfg = Release|Any CPU
		{20F5207B-4064-4186-802B-153EFFE7D1EF}.AppStore|x64.Build.0 = Release|Any CPU
		{20F5207B-4064-4186-802B-153EFFE7D1EF}.AppStore|x86.ActiveCfg = Release|Any CPU
		{20F5207B-4064-4186-802B-153EFFE7D1EF}.AppStore|x86.Build.0 = Release|Any CPU
		{20F5207B-4064-4186-802B-153EFFE7D1EF}.Debug|Any CPU.ActiveCfg = Debug|Any CPU
		{20F5207B-4064-4186-802B-153EFFE7D1EF}.Debug|Any CPU.Build.0 = Debug|Any CPU
		{20F5207B-4064-4186-802B-153EFFE7D1EF}.Debug|ARM.ActiveCfg = Debug|Any CPU
		{20F5207B-4064-4186-802B-153EFFE7D1EF}.Debug|ARM.Build.0 = Debug|Any CPU
		{20F5207B-4064-4186-802B-153EFFE7D1EF}.Debug|iPhone.ActiveCfg = Debug|Any CPU
		{20F5207B-4064-4186-802B-153EFFE7D1EF}.Debug|iPhone.Build.0 = Debug|Any CPU
		{20F5207B-4064-4186-802B-153EFFE7D1EF}.Debug|iPhoneSimulator.ActiveCfg = Debug|Any CPU
		{20F5207B-4064-4186-802B-153EFFE7D1EF}.Debug|iPhoneSimulator.Build.0 = Debug|Any CPU
		{20F5207B-4064-4186-802B-153EFFE7D1EF}.Debug|x64.ActiveCfg = Debug|Any CPU
		{20F5207B-4064-4186-802B-153EFFE7D1EF}.Debug|x64.Build.0 = Debug|Any CPU
		{20F5207B-4064-4186-802B-153EFFE7D1EF}.Debug|x86.ActiveCfg = Debug|Any CPU
		{20F5207B-4064-4186-802B-153EFFE7D1EF}.Debug|x86.Build.0 = Debug|Any CPU
		{20F5207B-4064-4186-802B-153EFFE7D1EF}.Release|Any CPU.ActiveCfg = Release|Any CPU
		{20F5207B-4064-4186-802B-153EFFE7D1EF}.Release|Any CPU.Build.0 = Release|Any CPU
		{20F5207B-4064-4186-802B-153EFFE7D1EF}.Release|ARM.ActiveCfg = Release|Any CPU
		{20F5207B-4064-4186-802B-153EFFE7D1EF}.Release|ARM.Build.0 = Release|Any CPU
		{20F5207B-4064-4186-802B-153EFFE7D1EF}.Release|iPhone.ActiveCfg = Release|Any CPU
		{20F5207B-4064-4186-802B-153EFFE7D1EF}.Release|iPhone.Build.0 = Release|Any CPU
		{20F5207B-4064-4186-802B-153EFFE7D1EF}.Release|iPhoneSimulator.ActiveCfg = Release|Any CPU
		{20F5207B-4064-4186-802B-153EFFE7D1EF}.Release|iPhoneSimulator.Build.0 = Release|Any CPU
		{20F5207B-4064-4186-802B-153EFFE7D1EF}.Release|x64.ActiveCfg = Release|Any CPU
		{20F5207B-4064-4186-802B-153EFFE7D1EF}.Release|x64.Build.0 = Release|Any CPU
		{20F5207B-4064-4186-802B-153EFFE7D1EF}.Release|x86.ActiveCfg = Release|Any CPU
		{20F5207B-4064-4186-802B-153EFFE7D1EF}.Release|x86.Build.0 = Release|Any CPU
	EndGlobalSection
	GlobalSection(SolutionProperties) = preSolution
		HideSolutionNode = FALSE
	EndGlobalSection
EndGlobal
